
Microsoft Visual Studio Solution File, Format Version 12.00
# Visual Studio Version 17
VisualStudioVersion = 17.2.32519.379
MinimumVisualStudioVersion = 10.0.40219.1
Project("{FAE04EC0-301F-11D3-BF4B-00C04F79EFBC}") = "MusicLibrary", "MusicLibrary\MusicLibrary.csproj", "{ED46F07F-12AE-4CEE-8CD2-4141379BB072}"
EndProject
Global
	GlobalSection(SolutionConfigurationPlatforms) = preSolution
		Debug|Any CPU = Debug|Any CPU
		Release|Any CPU = Release|Any CPU
	EndGlobalSection
	GlobalSection(ProjectConfigurationPlatforms) = postSolution
		{ED46F07F-12AE-4CEE-8CD2-4141379BB072}.Debug|Any CPU.ActiveCfg = Debug|Any CPU
		{ED46F07F-12AE-4CEE-8CD2-4141379BB072}.Debug|Any CPU.Build.0 = Debug|Any CPU
		{ED46F07F-12AE-4CEE-8CD2-4141379BB072}.Release|Any CPU.ActiveCfg = Release|Any CPU
		{ED46F07F-12AE-4CEE-8CD2-4141379BB072}.Release|Any CPU.Build.0 = Release|Any CPU
	EndGlobalSection
	GlobalSection(SolutionProperties) = preSolution
		HideSolutionNode = FALSE
	EndGlobalSection
	GlobalSection(ExtensibilityGlobals) = postSolution
		SolutionGuid = {2AE942DE-3A7A-43EC-801E-9C108E252492}
	EndGlobalSection
EndGlobal
